{
	"name": "@cdm-lerna-test/combo",
	"version": "1.0.0-alpha.0",
	"lockfileVersion": 1,
	"requires": true,
	"dependencies": {
		"@cdm-lerna-test/button": {
			"version": "1.0.0",
			"resolved": "https://registry.npmjs.org/@cdm-lerna-test/button/-/button-1.0.0.tgz",
			"integrity": "sha512-zGaUBV7u0SJ4iCQQwAD2i9VdIE6Pn5SEymFqIpCECsMNW1HnfeTuB28iy8fFOEBe54ej/8FTnCjQhJEYgXwB7g=="
		}
	}
}
